
Microsoft Visual Studio Solution File, Format Version 12.00
# Visual Studio Version 17
VisualStudioVersion = 17.12.35527.113 d17.12
MinimumVisualStudioVersion = 10.0.40219.1
Project("{FAE04EC0-301F-11D3-BF4B-00C04F79EFBC}") = "project1", "project1\project1.csproj", "{14D3BF93-B6EB-4AFB-AFC6-92B0348537D9}"
EndProject
Project("{FAE04EC0-301F-11D3-BF4B-00C04F79EFBC}") = "datatype1", "datatype1\datatype1.csproj", "{F069EABB-3637-4205-8D35-E438E3BAB94C}"
EndProject
Global
	GlobalSection(SolutionConfigurationPlatforms) = preSolution
		Debug|Any CPU = Debug|Any CPU
		Release|Any CPU = Release|Any CPU
	EndGlobalSection
	GlobalSection(ProjectConfigurationPlatforms) = postSolution
		{14D3BF93-B6EB-4AFB-AFC6-92B0348537D9}.Debug|Any CPU.ActiveCfg = Debug|Any CPU
		{14D3BF93-B6EB-4AFB-AFC6-92B0348537D9}.Debug|Any CPU.Build.0 = Debug|Any CPU
		{14D3BF93-B6EB-4AFB-AFC6-92B0348537D9}.Release|Any CPU.ActiveCfg = Release|Any CPU
		{14D3BF93-B6EB-4AFB-AFC6-92B0348537D9}.Release|Any CPU.Build.0 = Release|Any CPU
		{F069EABB-3637-4205-8D35-E438E3BAB94C}.Debug|Any CPU.ActiveCfg = Debug|Any CPU
		{F069EABB-3637-4205-8D35-E438E3BAB94C}.Debug|Any CPU.Build.0 = Debug|Any CPU
		{F069EABB-3637-4205-8D35-E438E3BAB94C}.Release|Any CPU.ActiveCfg = Release|Any CPU
		{F069EABB-3637-4205-8D35-E438E3BAB94C}.Release|Any CPU.Build.0 = Release|Any CPU
	EndGlobalSection
	GlobalSection(SolutionProperties) = preSolution
		HideSolutionNode = FALSE
	EndGlobalSection
EndGlobal
