
Microsoft Visual Studio Solution File, Format Version 12.00
# Visual Studio Version 17
VisualStudioVersion = 17.12.35527.113 d17.12
MinimumVisualStudioVersion = 10.0.40219.1
Project("{FAE04EC0-301F-11D3-BF4B-00C04F79EFBC}") = "challeng1", "challeng1\challeng1.csproj", "{72C64E4A-4419-495D-9CB7-C0C9B45108BC}"
EndProject
Project("{FAE04EC0-301F-11D3-BF4B-00C04F79EFBC}") = "challenge2", "challenge2\challenge2.csproj", "{B7248618-86EA-4D8B-9561-1B8ABBF80D6F}"
EndProject
Global
	GlobalSection(SolutionConfigurationPlatforms) = preSolution
		Debug|Any CPU = Debug|Any CPU
		Release|Any CPU = Release|Any CPU
	EndGlobalSection
	GlobalSection(ProjectConfigurationPlatforms) = postSolution
		{72C64E4A-4419-495D-9CB7-C0C9B45108BC}.Debug|Any CPU.ActiveCfg = Debug|Any CPU
		{72C64E4A-4419-495D-9CB7-C0C9B45108BC}.Debug|Any CPU.Build.0 = Debug|Any CPU
		{72C64E4A-4419-495D-9CB7-C0C9B45108BC}.Release|Any CPU.ActiveCfg = Release|Any CPU
		{72C64E4A-4419-495D-9CB7-C0C9B45108BC}.Release|Any CPU.Build.0 = Release|Any CPU
		{B7248618-86EA-4D8B-9561-1B8ABBF80D6F}.Debug|Any CPU.ActiveCfg = Debug|Any CPU
		{B7248618-86EA-4D8B-9561-1B8ABBF80D6F}.Debug|Any CPU.Build.0 = Debug|Any CPU
		{B7248618-86EA-4D8B-9561-1B8ABBF80D6F}.Release|Any CPU.ActiveCfg = Release|Any CPU
		{B7248618-86EA-4D8B-9561-1B8ABBF80D6F}.Release|Any CPU.Build.0 = Release|Any CPU
	EndGlobalSection
	GlobalSection(SolutionProperties) = preSolution
		HideSolutionNode = FALSE
	EndGlobalSection
EndGlobal
